
Microsoft Visual Studio Solution File, Format Version 12.00
# Visual Studio Version 16
VisualStudioVersion = 16.0.30114.105
MinimumVisualStudioVersion = 10.0.40219.1
Project("{FAE04EC0-301F-11D3-BF4B-00C04F79EFBC}") = "PaymentContext.Domain", "PaymentContext.Domain\PaymentContext.Domain.csproj", "{F91B583B-7411-4E2C-893A-EB1B08147005}"
EndProject
Project("{FAE04EC0-301F-11D3-BF4B-00C04F79EFBC}") = "PaymentContext.Shared", "PaymentContext.Shared\PaymentContext.Shared.csproj", "{7C403487-92BA-43CD-AC7E-33FA23B2C3D4}"
EndProject
Project("{FAE04EC0-301F-11D3-BF4B-00C04F79EFBC}") = "PaymentContext.Tests", "PaymentContext.Tests\PaymentContext.Tests.csproj", "{C786ED15-F987-4E18-BBD3-A12968617C58}"
EndProject
Global
	GlobalSection(SolutionConfigurationPlatforms) = preSolution
		Debug|Any CPU = Debug|Any CPU
		Debug|x64 = Debug|x64
		Debug|x86 = Debug|x86
		Release|Any CPU = Release|Any CPU
		Release|x64 = Release|x64
		Release|x86 = Release|x86
	EndGlobalSection
	GlobalSection(SolutionProperties) = preSolution
		HideSolutionNode = FALSE
	EndGlobalSection
	GlobalSection(ProjectConfigurationPlatforms) = postSolution
		{F91B583B-7411-4E2C-893A-EB1B08147005}.Debug|Any CPU.ActiveCfg = Debug|Any CPU
		{F91B583B-7411-4E2C-893A-EB1B08147005}.Debug|Any CPU.Build.0 = Debug|Any CPU
		{F91B583B-7411-4E2C-893A-EB1B08147005}.Debug|x64.ActiveCfg = Debug|Any CPU
		{F91B583B-7411-4E2C-893A-EB1B08147005}.Debug|x64.Build.0 = Debug|Any CPU
		{F91B583B-7411-4E2C-893A-EB1B08147005}.Debug|x86.ActiveCfg = Debug|Any CPU
		{F91B583B-7411-4E2C-893A-EB1B08147005}.Debug|x86.Build.0 = Debug|Any CPU
		{F91B583B-7411-4E2C-893A-EB1B08147005}.Release|Any CPU.ActiveCfg = Release|Any CPU
		{F91B583B-7411-4E2C-893A-EB1B08147005}.Release|Any CPU.Build.0 = Release|Any CPU
		{F91B583B-7411-4E2C-893A-EB1B08147005}.Release|x64.ActiveCfg = Release|Any CPU
		{F91B583B-7411-4E2C-893A-EB1B08147005}.Release|x64.Build.0 = Release|Any CPU
		{F91B583B-7411-4E2C-893A-EB1B08147005}.Release|x86.ActiveCfg = Release|Any CPU
		{F91B583B-7411-4E2C-893A-EB1B08147005}.Release|x86.Build.0 = Release|Any CPU
		{7C403487-92BA-43CD-AC7E-33FA23B2C3D4}.Debug|Any CPU.ActiveCfg = Debug|Any CPU
		{7C403487-92BA-43CD-AC7E-33FA23B2C3D4}.Debug|Any CPU.Build.0 = Debug|Any CPU
		{7C403487-92BA-43CD-AC7E-33FA23B2C3D4}.Debug|x64.ActiveCfg = Debug|Any CPU
		{7C403487-92BA-43CD-AC7E-33FA23B2C3D4}.Debug|x64.Build.0 = Debug|Any CPU
		{7C403487-92BA-43CD-AC7E-33FA23B2C3D4}.Debug|x86.ActiveCfg = Debug|Any CPU
		{7C403487-92BA-43CD-AC7E-33FA23B2C3D4}.Debug|x86.Build.0 = Debug|Any CPU
		{7C403487-92BA-43CD-AC7E-33FA23B2C3D4}.Release|Any CPU.ActiveCfg = Release|Any CPU
		{7C403487-92BA-43CD-AC7E-33FA23B2C3D4}.Release|Any CPU.Build.0 = Release|Any CPU
		{7C403487-92BA-43CD-AC7E-33FA23B2C3D4}.Release|x64.ActiveCfg = Release|Any CPU
		{7C403487-92BA-43CD-AC7E-33FA23B2C3D4}.Release|x64.Build.0 = Release|Any CPU
		{7C403487-92BA-43CD-AC7E-33FA23B2C3D4}.Release|x86.ActiveCfg = Release|Any CPU
		{7C403487-92BA-43CD-AC7E-33FA23B2C3D4}.Release|x86.Build.0 = Release|Any CPU
		{C786ED15-F987-4E18-BBD3-A12968617C58}.Debug|Any CPU.ActiveCfg = Debug|Any CPU
		{C786ED15-F987-4E18-BBD3-A12968617C58}.Debug|Any CPU.Build.0 = Debug|Any CPU
		{C786ED15-F987-4E18-BBD3-A12968617C58}.Debug|x64.ActiveCfg = Debug|Any CPU
		{C786ED15-F987-4E18-BBD3-A12968617C58}.Debug|x64.Build.0 = Debug|Any CPU
		{C786ED15-F987-4E18-BBD3-A12968617C58}.Debug|x86.ActiveCfg = Debug|Any CPU
		{C786ED15-F987-4E18-BBD3-A12968617C58}.Debug|x86.Build.0 = Debug|Any CPU
		{C786ED15-F987-4E18-BBD3-A12968617C58}.Release|Any CPU.ActiveCfg = Release|Any CPU
		{C786ED15-F987-4E18-BBD3-A12968617C58}.Release|Any CPU.Build.0 = Release|Any CPU
		{C786ED15-F987-4E18-BBD3-A12968617C58}.Release|x64.ActiveCfg = Release|Any CPU
		{C786ED15-F987-4E18-BBD3-A12968617C58}.Release|x64.Build.0 = Release|Any CPU
		{C786ED15-F987-4E18-BBD3-A12968617C58}.Release|x86.ActiveCfg = Release|Any CPU
		{C786ED15-F987-4E18-BBD3-A12968617C58}.Release|x86.Build.0 = Release|Any CPU
	EndGlobalSection
EndGlobal
